
Microsoft Visual Studio Solution File, Format Version 12.00
# Visual Studio 15
VisualStudioVersion = 15.0.33919.361
MinimumVisualStudioVersion = 10.0.40219.1
Project("{8BC9CEB8-8B4A-11D0-8D11-00A0C91BC942}") = "timing_anti_analysis", "timing_anti_analysis\timing_anti_analysis.vcxproj", "{E452A700-390E-4BD3-B0E2-DF3A629002AD}"
EndProject
Project("{8BC9CEB8-8B4A-11D0-8D11-00A0C91BC942}") = "different_sleep_compare", "different_sleep_compare\different_sleep_compare.vcxproj", "{292736D2-6886-47D5-B903-F2D5AE059BD5}"
EndProject
Global
	GlobalSection(SolutionConfigurationPlatforms) = preSolution
		Debug|x64 = Debug|x64
		Debug|x86 = Debug|x86
		Release|x64 = Release|x64
		Release|x86 = Release|x86
	EndGlobalSection
	GlobalSection(ProjectConfigurationPlatforms) = postSolution
		{E452A700-390E-4BD3-B0E2-DF3A629002AD}.Debug|x64.ActiveCfg = Debug|x64
		{E452A700-390E-4BD3-B0E2-DF3A629002AD}.Debug|x64.Build.0 = Debug|x64
		{E452A700-390E-4BD3-B0E2-DF3A629002AD}.Debug|x86.ActiveCfg = Debug|Win32
		{E452A700-390E-4BD3-B0E2-DF3A629002AD}.Debug|x86.Build.0 = Debug|Win32
		{E452A700-390E-4BD3-B0E2-DF3A629002AD}.Release|x64.ActiveCfg = Release|x64
		{E452A700-390E-4BD3-B0E2-DF3A629002AD}.Release|x64.Build.0 = Release|x64
		{E452A700-390E-4BD3-B0E2-DF3A629002AD}.Release|x86.ActiveCfg = Release|Win32
		{E452A700-390E-4BD3-B0E2-DF3A629002AD}.Release|x86.Build.0 = Release|Win32
		{292736D2-6886-47D5-B903-F2D5AE059BD5}.Debug|x64.ActiveCfg = Debug|x64
		{292736D2-6886-47D5-B903-F2D5AE059BD5}.Debug|x64.Build.0 = Debug|x64
		{292736D2-6886-47D5-B903-F2D5AE059BD5}.Debug|x86.ActiveCfg = Debug|Win32
		{292736D2-6886-47D5-B903-F2D5AE059BD5}.Debug|x86.Build.0 = Debug|Win32
		{292736D2-6886-47D5-B903-F2D5AE059BD5}.Release|x64.ActiveCfg = Release|x64
		{292736D2-6886-47D5-B903-F2D5AE059BD5}.Release|x64.Build.0 = Release|x64
		{292736D2-6886-47D5-B903-F2D5AE059BD5}.Release|x86.ActiveCfg = Release|Win32
		{292736D2-6886-47D5-B903-F2D5AE059BD5}.Release|x86.Build.0 = Release|Win32
	EndGlobalSection
	GlobalSection(SolutionProperties) = preSolution
		HideSolutionNode = FALSE
	EndGlobalSection
	GlobalSection(ExtensibilityGlobals) = postSolution
		SolutionGuid = {32B1CB3F-201D-4B66-A8AE-4B3B5627744A}
	EndGlobalSection
EndGlobal
